
Microsoft Visual Studio Solution File, Format Version 12.00
# Visual Studio Version 16
VisualStudioVersion = 16.0.31729.503
MinimumVisualStudioVersion = 10.0.40219.1
Project("{FAE04EC0-301F-11D3-BF4B-00C04F79EFBC}") = "exampleproject1.Android", "exampleproject1\exampleproject1.Android\exampleproject1.Android.csproj", "{83702A66-FD01-4BE8-B5F4-BE9E2432E7AC}"
EndProject
Project("{FAE04EC0-301F-11D3-BF4B-00C04F79EFBC}") = "exampleproject1.iOS", "exampleproject1\exampleproject1.iOS\exampleproject1.iOS.csproj", "{8560AB5E-B0D6-4B9E-A557-CF38EF9204D1}"
EndProject
Project("{FAE04EC0-301F-11D3-BF4B-00C04F79EFBC}") = "exampleproject1", "exampleproject1\exampleproject1\exampleproject1.csproj", "{27A8219B-126E-4673-BB32-CA14B7669606}"
EndProject
Global
	GlobalSection(SolutionConfigurationPlatforms) = preSolution
		Debug|Any CPU = Debug|Any CPU
		Debug|iPhone = Debug|iPhone
		Debug|iPhoneSimulator = Debug|iPhoneSimulator
		Release|Any CPU = Release|Any CPU
		Release|iPhone = Release|iPhone
		Release|iPhoneSimulator = Release|iPhoneSimulator
	EndGlobalSection
	GlobalSection(ProjectConfigurationPlatforms) = postSolution
		{83702A66-FD01-4BE8-B5F4-BE9E2432E7AC}.Debug|Any CPU.ActiveCfg = Debug|Any CPU
		{83702A66-FD01-4BE8-B5F4-BE9E2432E7AC}.Debug|Any CPU.Build.0 = Debug|Any CPU
		{83702A66-FD01-4BE8-B5F4-BE9E2432E7AC}.Debug|Any CPU.Deploy.0 = Debug|Any CPU
		{83702A66-FD01-4BE8-B5F4-BE9E2432E7AC}.Debug|iPhone.ActiveCfg = Debug|Any CPU
		{83702A66-FD01-4BE8-B5F4-BE9E2432E7AC}.Debug|iPhone.Build.0 = Debug|Any CPU
		{83702A66-FD01-4BE8-B5F4-BE9E2432E7AC}.Debug|iPhone.Deploy.0 = Debug|Any CPU
		{83702A66-FD01-4BE8-B5F4-BE9E2432E7AC}.Debug|iPhoneSimulator.ActiveCfg = Debug|Any CPU
		{83702A66-FD01-4BE8-B5F4-BE9E2432E7AC}.Debug|iPhoneSimulator.Build.0 = Debug|Any CPU
		{83702A66-FD01-4BE8-B5F4-BE9E2432E7AC}.Debug|iPhoneSimulator.Deploy.0 = Debug|Any CPU
		{83702A66-FD01-4BE8-B5F4-BE9E2432E7AC}.Release|Any CPU.ActiveCfg = Release|Any CPU
		{83702A66-FD01-4BE8-B5F4-BE9E2432E7AC}.Release|Any CPU.Build.0 = Release|Any CPU
		{83702A66-FD01-4BE8-B5F4-BE9E2432E7AC}.Release|Any CPU.Deploy.0 = Release|Any CPU
		{83702A66-FD01-4BE8-B5F4-BE9E2432E7AC}.Release|iPhone.ActiveCfg = Release|Any CPU
		{83702A66-FD01-4BE8-B5F4-BE9E2432E7AC}.Release|iPhone.Build.0 = Release|Any CPU
		{83702A66-FD01-4BE8-B5F4-BE9E2432E7AC}.Release|iPhone.Deploy.0 = Release|Any CPU
		{83702A66-FD01-4BE8-B5F4-BE9E2432E7AC}.Release|iPhoneSimulator.ActiveCfg = Release|Any CPU
		{83702A66-FD01-4BE8-B5F4-BE9E2432E7AC}.Release|iPhoneSimulator.Build.0 = Release|Any CPU
		{83702A66-FD01-4BE8-B5F4-BE9E2432E7AC}.Release|iPhoneSimulator.Deploy.0 = Release|Any CPU
		{8560AB5E-B0D6-4B9E-A557-CF38EF9204D1}.Debug|Any CPU.ActiveCfg = Debug|iPhone
		{8560AB5E-B0D6-4B9E-A557-CF38EF9204D1}.Debug|Any CPU.Build.0 = Debug|iPhone
		{8560AB5E-B0D6-4B9E-A557-CF38EF9204D1}.Debug|Any CPU.Deploy.0 = Debug|iPhone
		{8560AB5E-B0D6-4B9E-A557-CF38EF9204D1}.Debug|iPhone.ActiveCfg = Debug|iPhone
		{8560AB5E-B0D6-4B9E-A557-CF38EF9204D1}.Debug|iPhone.Build.0 = Debug|iPhone
		{8560AB5E-B0D6-4B9E-A557-CF38EF9204D1}.Debug|iPhone.Deploy.0 = Debug|iPhone
		{8560AB5E-B0D6-4B9E-A557-CF38EF9204D1}.Debug|iPhoneSimulator.ActiveCfg = Debug|iPhoneSimulator
		{8560AB5E-B0D6-4B9E-A557-CF38EF9204D1}.Debug|iPhoneSimulator.Build.0 = Debug|iPhoneSimulator
		{8560AB5E-B0D6-4B9E-A557-CF38EF9204D1}.Debug|iPhoneSimulator.Deploy.0 = Debug|iPhoneSimulator
		{8560AB5E-B0D6-4B9E-A557-CF38EF9204D1}.Release|Any CPU.ActiveCfg = Release|iPhoneSimulator
		{8560AB5E-B0D6-4B9E-A557-CF38EF9204D1}.Release|Any CPU.Build.0 = Release|iPhoneSimulator
		{8560AB5E-B0D6-4B9E-A557-CF38EF9204D1}.Release|Any CPU.Deploy.0 = Release|iPhoneSimulator
		{8560AB5E-B0D6-4B9E-A557-CF38EF9204D1}.Release|iPhone.ActiveCfg = Release|iPhone
		{8560AB5E-B0D6-4B9E-A557-CF38EF9204D1}.Release|iPhone.Build.0 = Release|iPhone
		{8560AB5E-B0D6-4B9E-A557-CF38EF9204D1}.Release|iPhone.Deploy.0 = Release|iPhone
		{8560AB5E-B0D6-4B9E-A557-CF38EF9204D1}.Release|iPhoneSimulator.ActiveCfg = Release|iPhoneSimulator
		{8560AB5E-B0D6-4B9E-A557-CF38EF9204D1}.Release|iPhoneSimulator.Build.0 = Release|iPhoneSimulator
		{8560AB5E-B0D6-4B9E-A557-CF38EF9204D1}.Release|iPhoneSimulator.Deploy.0 = Release|iPhoneSimulator
		{27A8219B-126E-4673-BB32-CA14B7669606}.Debug|Any CPU.ActiveCfg = Debug|Any CPU
		{27A8219B-126E-4673-BB32-CA14B7669606}.Debug|Any CPU.Build.0 = Debug|Any CPU
		{27A8219B-126E-4673-BB32-CA14B7669606}.Debug|Any CPU.Deploy.0 = Debug|Any CPU
		{27A8219B-126E-4673-BB32-CA14B7669606}.Debug|iPhone.ActiveCfg = Debug|Any CPU
		{27A8219B-126E-4673-BB32-CA14B7669606}.Debug|iPhone.Build.0 = Debug|Any CPU
		{27A8219B-126E-4673-BB32-CA14B7669606}.Debug|iPhone.Deploy.0 = Debug|Any CPU
		{27A8219B-126E-4673-BB32-CA14B7669606}.Debug|iPhoneSimulator.ActiveCfg = Debug|Any CPU
		{27A8219B-126E-4673-BB32-CA14B7669606}.Debug|iPhoneSimulator.Build.0 = Debug|Any CPU
		{27A8219B-126E-4673-BB32-CA14B7669606}.Debug|iPhoneSimulator.Deploy.0 = Debug|Any CPU
		{27A8219B-126E-4673-BB32-CA14B7669606}.Release|Any CPU.ActiveCfg = Release|Any CPU
		{27A8219B-126E-4673-BB32-CA14B7669606}.Release|Any CPU.Build.0 = Release|Any CPU
		{27A8219B-126E-4673-BB32-CA14B7669606}.Release|Any CPU.Deploy.0 = Release|Any CPU
		{27A8219B-126E-4673-BB32-CA14B7669606}.Release|iPhone.ActiveCfg = Release|Any CPU
		{27A8219B-126E-4673-BB32-CA14B7669606}.Release|iPhone.Build.0 = Release|Any CPU
		{27A8219B-126E-4673-BB32-CA14B7669606}.Release|iPhone.Deploy.0 = Release|Any CPU
		{27A8219B-126E-4673-BB32-CA14B7669606}.Release|iPhoneSimulator.ActiveCfg = Release|Any CPU
		{27A8219B-126E-4673-BB32-CA14B7669606}.Release|iPhoneSimulator.Build.0 = Release|Any CPU
		{27A8219B-126E-4673-BB32-CA14B7669606}.Release|iPhoneSimulator.Deploy.0 = Release|Any CPU
	EndGlobalSection
	GlobalSection(SolutionProperties) = preSolution
		HideSolutionNode = FALSE
	EndGlobalSection
	GlobalSection(ExtensibilityGlobals) = postSolution
		SolutionGuid = {54507920-22E6-4985-80B1-4AA6DEF42102}
	EndGlobalSection
EndGlobal
